
Microsoft Visual Studio Solution File, Format Version 12.00
# Visual Studio Version 16
VisualStudioVersion = 16.0.29230.47
MinimumVisualStudioVersion = 10.0.40219.1
Project("{FAE04EC0-301F-11D3-BF4B-00C04F79EFBC}") = "Аппроксимация экспериментальных данных", "Аппроксимация экспериментальных данных\Аппроксимация экспериментальных данных.csproj", "{76667FE4-D811-45C8-AD92-A1E9FDBAE21E}"
EndProject
Global
	GlobalSection(SolutionConfigurationPlatforms) = preSolution
		Debug|Any CPU = Debug|Any CPU
		Release|Any CPU = Release|Any CPU
	EndGlobalSection
	GlobalSection(ProjectConfigurationPlatforms) = postSolution
		{76667FE4-D811-45C8-AD92-A1E9FDBAE21E}.Debug|Any CPU.ActiveCfg = Debug|Any CPU
		{76667FE4-D811-45C8-AD92-A1E9FDBAE21E}.Debug|Any CPU.Build.0 = Debug|Any CPU
		{76667FE4-D811-45C8-AD92-A1E9FDBAE21E}.Release|Any CPU.ActiveCfg = Release|Any CPU
		{76667FE4-D811-45C8-AD92-A1E9FDBAE21E}.Release|Any CPU.Build.0 = Release|Any CPU
	EndGlobalSection
	GlobalSection(SolutionProperties) = preSolution
		HideSolutionNode = FALSE
	EndGlobalSection
	GlobalSection(ExtensibilityGlobals) = postSolution
		SolutionGuid = {1FB9EE55-BC51-447B-B6CB-C5A62D28978F}
	EndGlobalSection
EndGlobal
